// !$*UTF8*$!
{
	archiveVersion = 1;
	classes = {
	};
	objectVersion = 48;
	objects = {

/* Begin PBXBuildFile section */
		1B24434621C0031700A57FF3 /* AppDelegate.m in Sources */ = {isa = PBXBuildFile; fileRef = 1B24434521C0031700A57FF3 /* AppDelegate.m */; };
		1B24434921C0031700A57FF3 /* ViewController.m in Sources */ = {isa = PBXBuildFile; fileRef = 1B24434821C0031700A57FF3 /* ViewController.m */; };
		1B24434C21C0031700A57FF3 /* Main.storyboard in Resources */ = {isa = PBXBuildFile; fileRef = 1B24434A21C0031700A57FF3 /* Main.storyboard */; };
		1B24434E21C0031700A57FF3 /* Assets.xcassets in Resources */ = {isa = PBXBuildFile; fileRef = 1B24434D21C0031700A57FF3 /* Assets.xcassets */; };
		1B24435121C0031700A57FF3 /* LaunchScreen.storyboard in Resources */ = {isa = PBXBuildFile; fileRef = 1B24434F21C0031700A57FF3 /* LaunchScreen.storyboard */; };
		1B24435421C0031700A57FF3 /* main.m in Sources */ = {isa = PBXBuildFile; fileRef = 1B24435321C0031700A57FF3 /* main.m */; };
		1B24435E21C0031700A57FF3 /* OpenGL_1Tests.m in Sources */ = {isa = PBXBuildFile; fileRef = 1B24435D21C0031700A57FF3 /* OpenGL_1Tests.m */; };
		1B24436921C0031700A57FF3 /* OpenGL_1UITests.m in Sources */ = {isa = PBXBuildFile; fileRef = 1B24436821C0031700A57FF3 /* OpenGL_1UITests.m */; };
		1B24437721C0037B00A57FF3 /* gl_test.png in Resources */ = {isa = PBXBuildFile; fileRef = 1B24437621C0037B00A57FF3 /* gl_test.png */; };
		1B24437921C2085D00A57FF3 /* README.md in Resources */ = {isa = PBXBuildFile; fileRef = 1B24437821C2085D00A57FF3 /* README.md */; };
/* End PBXBuildFile section */

/* Begin PBXContainerItemProxy section */
		1B24435A21C0031700A57FF3 /* PBXContainerItemProxy */ = {
			isa = PBXContainerItemProxy;
			containerPortal = 1B24433921C0031700A57FF3 /* Project object */;
			proxyType = 1;
			remoteGlobalIDString = 1B24434021C0031700A57FF3;
			remoteInfo = OpenGL_1;
		};
		1B24436521C0031700A57FF3 /* PBXContainerItemProxy */ = {
			isa = PBXContainerItemProxy;
			containerPortal = 1B24433921C0031700A57FF3 /* Project object */;
			proxyType = 1;
			remoteGlobalIDString = 1B24434021C0031700A57FF3;
			remoteInfo = OpenGL_1;
		};
/* End PBXContainerItemProxy section */

/* Begin PBXFileReference section */
		1B24434121C0031700A57FF3 /* OpenGL_1.app */ = {isa = PBXFileReference; explicitFileType = wrapper.application; includeInIndex = 0; path = OpenGL_1.app; sourceTree = BUILT_PRODUCTS_DIR; };
		1B24434421C0031700A57FF3 /* AppDelegate.h */ = {isa = PBXFileReference; lastKnownFileType = sourcecode.c.h; path = AppDelegate.h; sourceTree = "<group>"; };
		1B24434521C0031700A57FF3 /* AppDelegate.m */ = {isa = PBXFileReference; lastKnownFileType = sourcecode.c.objc; path = AppDelegate.m; sourceTree = "<group>"; };
		1B24434721C0031700A57FF3 /* ViewController.h */ = {isa = PBXFileReference; lastKnownFileType = sourcecode.c.h; path = ViewController.h; sourceTree = "<group>"; };
		1B24434821C0031700A57FF3 /* ViewController.m */ = {isa = PBXFileReference; lastKnownFileType = sourcecode.c.objc; path = ViewController.m; sourceTree = "<group>"; };
		1B24434B21C0031700A57FF3 /* Base */ = {isa = PBXFileReference; lastKnownFileType = file.storyboard; name = Base; path = Base.lproj/Main.storyboard; sourceTree = "<group>"; };
		1B24434D21C0031700A57FF3 /* Assets.xcassets */ = {isa = PBXFileReference; lastKnownFileType = folder.assetcatalog; path = Assets.xcassets; sourceTree = "<group>"; };
		1B24435021C0031700A57FF3 /* Base */ = {isa = PBXFileReference; lastKnownFileType = file.storyboard; name = Base; path = Base.lproj/LaunchScreen.storyboard; sourceTree = "<group>"; };
		1B24435221C0031700A57FF3 /* Info.plist */ = {isa = PBXFileReference; lastKnownFileType = text.plist.xml; path = Info.plist; sourceTree = "<group>"; };
		1B24435321C0031700A57FF3 /* main.m */ = {isa = PBXFileReference; lastKnownFileType = sourcecode.c.objc; path = main.m; sourceTree = "<group>"; };
		1B24435921C0031700A57FF3 /* OpenGL_1Tests.xctest */ = {isa = PBXFileReference; explicitFileType = wrapper.cfbundle; includeInIndex = 0; path = OpenGL_1Tests.xctest; sourceTree = BUILT_PRODUCTS_DIR; };
		1B24435D21C0031700A57FF3 /* OpenGL_1Tests.m */ = {isa = PBXFileReference; lastKnownFileType = sourcecode.c.objc; path = OpenGL_1Tests.m; sourceTree = "<group>"; };
		1B24435F21C0031700A57FF3 /* Info.plist */ = {isa = PBXFileReference; lastKnownFileType = text.plist.xml; path = Info.plist; sourceTree = "<group>"; };
		1B24436421C0031700A57FF3 /* OpenGL_1UITests.xctest */ = {isa = PBXFileReference; explicitFileType = wrapper.cfbundle; includeInIndex = 0; path = OpenGL_1UITests.xctest; sourceTree = BUILT_PRODUCTS_DIR; };
		1B24436821C0031700A57FF3 /* OpenGL_1UITests.m */ = {isa = PBXFileReference; lastKnownFileType = sourcecode.c.objc; path = OpenGL_1UITests.m; sourceTree = "<group>"; };
		1B24436A21C0031700A57FF3 /* Info.plist */ = {isa = PBXFileReference; lastKnownFileType = text.plist.xml; path = Info.plist; sourceTree = "<group>"; };
		1B24437621C0037B00A57FF3 /* gl_test.png */ = {isa = PBXFileReference; lastKnownFileType = image.png; path = gl_test.png; sourceTree = "<group>"; };
		1B24437821C2085D00A57FF3 /* README.md */ = {isa = PBXFileReference; fileEncoding = 4; lastKnownFileType = net.daringfireball.markdown; path = README.md; sourceTree = "<group>"; };
/* End PBXFileReference section */

/* Begin PBXFrameworksBuildPhase section */
		1B24433E21C0031700A57FF3 /* Frameworks */ = {
			isa = PBXFrameworksBuildPhase;
			buildActionMask = 2147483647;
			files = (
			);
			runOnlyForDeploymentPostprocessing = 0;
		};
		1B24435621C0031700A57FF3 /* Frameworks */ = {
			isa = PBXFrameworksBuildPhase;
			buildActionMask = 2147483647;
			files = (
			);
			runOnlyForDeploymentPostprocessing = 0;
		};
		1B24436121C0031700A57FF3 /* Frameworks */ = {
			isa = PBXFrameworksBuildPhase;
			buildActionMask = 2147483647;
			files = (
			);
			runOnlyForDeploymentPostprocessing = 0;
		};
/* End PBXFrameworksBuildPhase section */

/* Begin PBXGroup section */
		1B24433821C0031700A57FF3 = {
			isa = PBXGroup;
			children = (
				1B24434321C0031700A57FF3 /* OpenGL_1 */,
				1B24435C21C0031700A57FF3 /* OpenGL_1Tests */,
				1B24436721C0031700A57FF3 /* OpenGL_1UITests */,
				1B24434221C0031700A57FF3 /* Products */,
			);
			sourceTree = "<group>";
		};
		1B24434221C0031700A57FF3 /* Products */ = {
			isa = PBXGroup;
			children = (
				1B24434121C0031700A57FF3 /* OpenGL_1.app */,
				1B24435921C0031700A57FF3 /* OpenGL_1Tests.xctest */,
				1B24436421C0031700A57FF3 /* OpenGL_1UITests.xctest */,
			);
			name = Products;
			sourceTree = "<group>";
		};
		1B24434321C0031700A57FF3 /* OpenGL_1 */ = {
			isa = PBXGroup;
			children = (
				1B24437821C2085D00A57FF3 /* README.md */,
				1B24437621C0037B00A57FF3 /* gl_test.png */,
				1B24434421C0031700A57FF3 /* AppDelegate.h */,
				1B24434521C0031700A57FF3 /* AppDelegate.m */,
				1B24434721C0031700A57FF3 /* ViewController.h */,
				1B24434821C0031700A57FF3 /* ViewController.m */,
				1B24434A21C0031700A57FF3 /* Main.storyboard */,
				1B24434D21C0031700A57FF3 /* Assets.xcassets */,
				1B24434F21C0031700A57FF3 /* LaunchScreen.storyboard */,
				1B24435221C0031700A57FF3 /* Info.plist */,
				1B24435321C0031700A57FF3 /* main.m */,
			);
			path = OpenGL_1;
			sourceTree = "<group>";
		};
		1B24435C21C0031700A57FF3 /* OpenGL_1Tests */ = {
			isa = PBXGroup;
			children = (
				1B24435D21C0031700A57FF3 /* OpenGL_1Tests.m */,
				1B24435F21C0031700A57FF3 /* Info.plist */,
			);
			path = OpenGL_1Tests;
			sourceTree = "<group>";
		};
		1B24436721C0031700A57FF3 /* OpenGL_1UITests */ = {
			isa = PBXGroup;
			children = (
				1B24436821C0031700A57FF3 /* OpenGL_1UITests.m */,
				1B24436A21C0031700A57FF3 /* Info.plist */,
			);
			path = OpenGL_1UITests;
			sourceTree = "<group>";
		};
/* End PBXGroup section */

/* Begin PBXNativeTarget section */
		1B24434021C0031700A57FF3 /* OpenGL_1 */ = {
			isa = PBXNativeTarget;
			buildConfigurationList = 1B24436D21C0031700A57FF3 /* Build configuration list for PBXNativeTarget "OpenGL_1" */;
			buildPhases = (
				1B24433D21C0031700A57FF3 /* Sources */,
				1B24433E21C0031700A57FF3 /* Frameworks */,
				1B24433F21C0031700A57FF3 /* Resources */,
			);
			buildRules = (
			);
			dependencies = (
			);
			name = OpenGL_1;
			productName = OpenGL_1;
			productReference = 1B24434121C0031700A57FF3 /* OpenGL_1.app */;
			productType = "com.apple.product-type.application";
		};
		1B24435821C0031700A57FF3 /* OpenGL_1Tests */ = {
			isa = PBXNativeTarget;
			buildConfigurationList = 1B24437021C0031700A57FF3 /* Build configuration list for PBXNativeTarget "OpenGL_1Tests" */;
			buildPhases = (
				1B24435521C0031700A57FF3 /* Sources */,
				1B24435621C0031700A57FF3 /* Frameworks */,
				1B24435721C0031700A57FF3 /* Resources */,
			);
			buildRules = (
			);
			dependencies = (
				1B24435B21C0031700A57FF3 /* PBXTargetDependency */,
			);
			name = OpenGL_1Tests;
			productName = OpenGL_1Tests;
			productReference = 1B24435921C0031700A57FF3 /* OpenGL_1Tests.xctest */;
			productType = "com.apple.product-type.bundle.unit-test";
		};
		1B24436321C0031700A57FF3 /* OpenGL_1UITests */ = {
			isa = PBXNativeTarget;
			buildConfigurationList = 1B24437321C0031700A57FF3 /* Build configuration list for PBXNativeTarget "OpenGL_1UITests" */;
			buildPhases = (
				1B24436021C0031700A57FF3 /* Sources */,
				1B24436121C0031700A57FF3 /* Frameworks */,
				1B24436221C0031700A57FF3 /* Resources */,
			);
			buildRules = (
			);
			dependencies = (
				1B24436621C0031700A57FF3 /* PBXTargetDependency */,
			);
			name = OpenGL_1UITests;
			productName = OpenGL_1UITests;
			productReference = 1B24436421C0031700A57FF3 /* OpenGL_1UITests.xctest */;
			productType = "com.apple.product-type.bundle.ui-testing";
		};
/* End PBXNativeTarget section */

/* Begin PBXProject section */
		1B24433921C0031700A57FF3 /* Project object */ = {
			isa = PBXProject;
			attributes = {
				LastUpgradeCheck = 0910;
				ORGANIZATIONNAME = "聂宽";
				TargetAttributes = {
					1B24434021C0031700A57FF3 = {
						CreatedOnToolsVersion = 9.1;
						ProvisioningStyle = Manual;
					};
					1B24435821C0031700A57FF3 = {
						CreatedOnToolsVersion = 9.1;
						ProvisioningStyle = Automatic;
						TestTargetID = 1B24434021C0031700A57FF3;
					};
					1B24436321C0031700A57FF3 = {
						CreatedOnToolsVersion = 9.1;
						ProvisioningStyle = Automatic;
						TestTargetID = 1B24434021C0031700A57FF3;
					};
				};
			};
			buildConfigurationList = 1B24433C21C0031700A57FF3 /* Build configuration list for PBXProject "OpenGL_1" */;
			compatibilityVersion = "Xcode 8.0";
			developmentRegion = en;
			hasScannedForEncodings = 0;
			knownRegions = (
				en,
				Base,
			);
			mainGroup = 1B24433821C0031700A57FF3;
			productRefGroup = 1B24434221C0031700A57FF3 /* Products */;
			projectDirPath = "";
			projectRoot = "";
			targets = (
				1B24434021C0031700A57FF3 /* OpenGL_1 */,
				1B24435821C0031700A57FF3 /* OpenGL_1Tests */,
				1B24436321C0031700A57FF3 /* OpenGL_1UITests */,
			);
		};
/* End PBXProject section */

/* Begin PBXResourcesBuildPhase section */
		1B24433F21C0031700A57FF3 /* Resources */ = {
			isa = PBXResourcesBuildPhase;
			buildActionMask = 2147483647;
			files = (
				1B24437721C0037B00A57FF3 /* gl_test.png in Resources */,
				1B24435121C0031700A57FF3 /* LaunchScreen.storyboard in Resources */,
				1B24437921C2085D00A57FF3 /* README.md in Resources */,
				1B24434E21C0031700A57FF3 /* Assets.xcassets in Resources */,
				1B24434C21C0031700A57FF3 /* Main.storyboard in Resources */,
			);
			runOnlyForDeploymentPostprocessing = 0;
		};
		1B24435721C0031700A57FF3 /* Resources */ = {
			isa = PBXResourcesBuildPhase;
			buildActionMask = 2147483647;
			files = (
			);
			runOnlyForDeploymentPostprocessing = 0;
		};
		1B24436221C0031700A57FF3 /* Resources */ = {
			isa = PBXResourcesBuildPhase;
			buildActionMask = 2147483647;
			files = (
			);
			runOnlyForDeploymentPostprocessing = 0;
		};
/* End PBXResourcesBuildPhase section */

/* Begin PBXSourcesBuildPhase section */
		1B24433D21C0031700A57FF3 /* Sources */ = {
			isa = PBXSourcesBuildPhase;
			buildActionMask = 2147483647;
			files = (
				1B24434921C0031700A57FF3 /* ViewController.m in Sources */,
				1B24435421C0031700A57FF3 /* main.m in Sources */,
				1B24434621C0031700A57FF3 /* AppDelegate.m in Sources */,
			);
			runOnlyForDeploymentPostprocessing = 0;
		};
		1B24435521C0031700A57FF3 /* Sources */ = {
			isa = PBXSourcesBuildPhase;
			buildActionMask = 2147483647;
			files = (
				1B24435E21C0031700A57FF3 /* OpenGL_1Tests.m in Sources */,
			);
			runOnlyForDeploymentPostprocessing = 0;
		};
		1B24436021C0031700A57FF3 /* Sources */ = {
			isa = PBXSourcesBuildPhase;
			buildActionMask = 2147483647;
			files = (
				1B24436921C0031700A57FF3 /* OpenGL_1UITests.m in Sources */,
			);
			runOnlyForDeploymentPostprocessing = 0;
		};
/* End PBXSourcesBuildPhase section */

/* Begin PBXTargetDependency section */
		1B24435B21C0031700A57FF3 /* PBXTargetDependency */ = {
			isa = PBXTargetDependency;
			target = 1B24434021C0031700A57FF3 /* OpenGL_1 */;
			targetProxy = 1B24435A21C0031700A57FF3 /* PBXContainerItemProxy */;
		};
		1B24436621C0031700A57FF3 /* PBXTargetDependency */ = {
			isa = PBXTargetDependency;
			target = 1B24434021C0031700A57FF3 /* OpenGL_1 */;
			targetProxy = 1B24436521C0031700A57FF3 /* PBXContainerItemProxy */;
		};
/* End PBXTargetDependency section */

/* Begin PBXVariantGroup section */
		1B24434A21C0031700A57FF3 /* Main.storyboard */ = {
			isa = PBXVariantGroup;
			children = (
				1B24434B21C0031700A57FF3 /* Base */,
			);
			name = Main.storyboard;
			sourceTree = "<group>";
		};
		1B24434F21C0031700A57FF3 /* LaunchScreen.storyboard */ = {
			isa = PBXVariantGroup;
			children = (
				1B24435021C0031700A57FF3 /* Base */,
			);
			name = LaunchScreen.storyboard;
			sourceTree = "<group>";
		};
/* End PBXVariantGroup section */

/* Begin XCBuildConfiguration section */
		1B24436B21C0031700A57FF3 /* Debug */ = {
			isa = XCBuildConfiguration;
			buildSettings = {
				ALWAYS_SEARCH_USER_PATHS = NO;
				CLANG_ANALYZER_NONNULL = YES;
				CLANG_ANALYZER_NUMBER_OBJECT_CONVERSION = YES_AGGRESSIVE;
				CLANG_CXX_LANGUAGE_STANDARD = "gnu++14";
				CLANG_CXX_LIBRARY = "libc++";
				CLANG_ENABLE_MODULES = YES;
				CLANG_ENABLE_OBJC_ARC = YES;
				CLANG_WARN_BLOCK_CAPTURE_AUTORELEASING = YES;
				CLANG_WARN_BOOL_CONVERSION = YES;
				CLANG_WARN_COMMA = YES;
				CLANG_WARN_CONSTANT_CONVERSION = YES;
				CLANG_WARN_DIRECT_OBJC_ISA_USAGE = YES_ERROR;
				CLANG_WARN_DOCUMENTATION_COMMENTS = YES;
				CLANG_WARN_EMPTY_BODY = YES;
				CLANG_WARN_ENUM_CONVERSION = YES;
				CLANG_WARN_INFINITE_RECURSION = YES;
				CLANG_WARN_INT_CONVERSION = YES;
				CLANG_WARN_NON_LITERAL_NULL_CONVERSION = YES;
				CLANG_WARN_OBJC_LITERAL_CONVERSION = YES;
				CLANG_WARN_OBJC_ROOT_CLASS = YES_ERROR;
				CLANG_WARN_RANGE_LOOP_ANALYSIS = YES;
				CLANG_WARN_STRICT_PROTOTYPES = YES;
				CLANG_WARN_SUSPICIOUS_MOVE = YES;
				CLANG_WARN_UNGUARDED_AVAILABILITY = YES_AGGRESSIVE;
				CLANG_WARN_UNREACHABLE_CODE = YES;
				CLANG_WARN__DUPLICATE_METHOD_MATCH = YES;
				CODE_SIGN_IDENTITY = "iPhone Developer";
				COPY_PHASE_STRIP = NO;
				DEBUG_INFORMATION_FORMAT = dwarf;
				ENABLE_STRICT_OBJC_MSGSEND = YES;
				ENABLE_TESTABILITY = YES;
				GCC_C_LANGUAGE_STANDARD = gnu11;
				GCC_DYNAMIC_NO_PIC = NO;
				GCC_NO_COMMON_BLOCKS = YES;
				GCC_OPTIMIZATION_LEVEL = 0;
				GCC_PREPROCESSOR_DEFINITIONS = (
					"DEBUG=1",
					"$(inherited)",
				);
				GCC_WARN_64_TO_32_BIT_CONVERSION = YES;
				GCC_WARN_ABOUT_RETURN_TYPE = YES_ERROR;
				GCC_WARN_UNDECLARED_SELECTOR = YES;
				GCC_WARN_UNINITIALIZED_AUTOS = YES_AGGRESSIVE;
				GCC_WARN_UNUSED_FUNCTION = YES;
				GCC_WARN_UNUSED_VARIABLE = YES;
				IPHONEOS_DEPLOYMENT_TARGET = 11.1;
				MTL_ENABLE_DEBUG_INFO = YES;
				ONLY_ACTIVE_ARCH = YES;
				SDKROOT = iphoneos;
			};
			name = Debug;
		};
		1B24436C21C0031700A57FF3 /* Release */ = {
			isa = XCBuildConfiguration;
			buildSettings = {
				ALWAYS_SEARCH_USER_PATHS = NO;
				CLANG_ANALYZER_NONNULL = YES;
				CLANG_ANALYZER_NUMBER_OBJECT_CONVERSION = YES_AGGRESSIVE;
				CLANG_CXX_LANGUAGE_STANDARD = "gnu++14";
				CLANG_CXX_LIBRARY = "libc++";
				CLANG_ENABLE_MODULES = YES;
				CLANG_ENABLE_OBJC_ARC = YES;
				CLANG_WARN_BLOCK_CAPTURE_AUTORELEASING = YES;
				CLANG_WARN_BOOL_CONVERSION = YES;
				CLANG_WARN_COMMA = YES;
				CLANG_WARN_CONSTANT_CONVERSION = YES;
				CLANG_WARN_DIRECT_OBJC_ISA_USAGE = YES_ERROR;
				CLANG_WARN_DOCUMENTATION_COMMENTS = YES;
				CLANG_WARN_EMPTY_BODY = YES;
				CLANG_WARN_ENUM_CONVERSION = YES;
				CLANG_WARN_INFINITE_RECURSION = YES;
				CLANG_WARN_INT_CONVERSION = YES;
				CLANG_WARN_NON_LITERAL_NULL_CONVERSION = YES;
				CLANG_WARN_OBJC_LITERAL_CONVERSION = YES;
				CLANG_WARN_OBJC_ROOT_CLASS = YES_ERROR;
				CLANG_WARN_RANGE_LOOP_ANALYSIS = YES;
				CLANG_WARN_STRICT_PROTOTYPES = YES;
				CLANG_WARN_SUSPICIOUS_MOVE = YES;
				CLANG_WARN_UNGUARDED_AVAILABILITY = YES_AGGRESSIVE;
				CLANG_WARN_UNREACHABLE_CODE = YES;
				CLANG_WARN__DUPLICATE_METHOD_MATCH = YES;
				CODE_SIGN_IDENTITY = "iPhone Developer";
				COPY_PHASE_STRIP = NO;
				DEBUG_INFORMATION_FORMAT = "dwarf-with-dsym";
				ENABLE_NS_ASSERTIONS = NO;
				ENABLE_STRICT_OBJC_MSGSEND = YES;
				GCC_C_LANGUAGE_STANDARD = gnu11;
				GCC_NO_COMMON_BLOCKS = YES;
				GCC_WARN_64_TO_32_BIT_CONVERSION = YES;
				GCC_WARN_ABOUT_RETURN_TYPE = YES_ERROR;
				GCC_WARN_UNDECLARED_SELECTOR = YES;
				GCC_WARN_UNINITIALIZED_AUTOS = YES_AGGRESSIVE;
				GCC_WARN_UNUSED_FUNCTION = YES;
				GCC_WARN_UNUSED_VARIABLE = YES;
				IPHONEOS_DEPLOYMENT_TARGET = 11.1;
				MTL_ENABLE_DEBUG_INFO = NO;
				SDKROOT = iphoneos;
				VALIDATE_PRODUCT = YES;
			};
			name = Release;
		};
		1B24436E21C0031700A57FF3 /* Debug */ = {
			isa = XCBuildConfiguration;
			buildSettings = {
				ASSETCATALOG_COMPILER_APPICON_NAME = AppIcon;
				CODE_SIGN_STYLE = Manual;
				DEVELOPMENT_TEAM = 7P9459R55V;
				INFOPLIST_FILE = OpenGL_1/Info.plist;
				LD_RUNPATH_SEARCH_PATHS = "$(inherited) @executable_path/Frameworks";
				PRODUCT_BUNDLE_IDENTIFIER = "com.OpenGL-1";
				PRODUCT_NAME = "$(TARGET_NAME)";
				PROVISIONING_PROFILE = "7560fce8-84ca-4888-8b63-9895810443fc";
				PROVISIONING_PROFILE_SPECIFIER = NK_Common_Profile;
				TARGETED_DEVICE_FAMILY = "1,2";
			};
			name = Debug;
		};
		1B24436F21C0031700A57FF3 /* Release */ = {
			isa = XCBuildConfiguration;
			buildSettings = {
				ASSETCATALOG_COMPILER_APPICON_NAME = AppIcon;
				CODE_SIGN_STYLE = Manual;
				DEVELOPMENT_TEAM = 7P9459R55V;
				INFOPLIST_FILE = OpenGL_1/Info.plist;
				LD_RUNPATH_SEARCH_PATHS = "$(inherited) @executable_path/Frameworks";
				PRODUCT_BUNDLE_IDENTIFIER = "com.OpenGL-1";
				PRODUCT_NAME = "$(TARGET_NAME)";
				PROVISIONING_PROFILE = "7560fce8-84ca-4888-8b63-9895810443fc";
				PROVISIONING_PROFILE_SPECIFIER = NK_Common_Profile;
				TARGETED_DEVICE_FAMILY = "1,2";
			};
			name = Release;
		};
		1B24437121C0031700A57FF3 /* Debug */ = {
			isa = XCBuildConfiguration;
			buildSettings = {
				BUNDLE_LOADER = "$(TEST_HOST)";
				CODE_SIGN_STYLE = Automatic;
				INFOPLIST_FILE = OpenGL_1Tests/Info.plist;
				LD_RUNPATH_SEARCH_PATHS = "$(inherited) @executable_path/Frameworks @loader_path/Frameworks";
				PRODUCT_BUNDLE_IDENTIFIER = "com.OpenGL-1Tests";
				PRODUCT_NAME = "$(TARGET_NAME)";
				TARGETED_DEVICE_FAMILY = "1,2";
				TEST_HOST = "$(BUILT_PRODUCTS_DIR)/OpenGL_1.app/OpenGL_1";
			};
			name = Debug;
		};
		1B24437221C0031700A57FF3 /* Release */ = {
			isa = XCBuildConfiguration;
			buildSettings = {
				BUNDLE_LOADER = "$(TEST_HOST)";
				CODE_SIGN_STYLE = Automatic;
				INFOPLIST_FILE = OpenGL_1Tests/Info.plist;
				LD_RUNPATH_SEARCH_PATHS = "$(inherited) @executable_path/Frameworks @loader_path/Frameworks";
				PRODUCT_BUNDLE_IDENTIFIER = "com.OpenGL-1Tests";
				PRODUCT_NAME = "$(TARGET_NAME)";
				TARGETED_DEVICE_FAMILY = "1,2";
				TEST_HOST = "$(BUILT_PRODUCTS_DIR)/OpenGL_1.app/OpenGL_1";
			};
			name = Release;
		};
		1B24437421C0031700A57FF3 /* Debug */ = {
			isa = XCBuildConfiguration;
			buildSettings = {
				CODE_SIGN_STYLE = Automatic;
				INFOPLIST_FILE = OpenGL_1UITests/Info.plist;
				LD_RUNPATH_SEARCH_PATHS = "$(inherited) @executable_path/Frameworks @loader_path/Frameworks";
				PRODUCT_BUNDLE_IDENTIFIER = "com.OpenGL-1UITests";
				PRODUCT_NAME = "$(TARGET_NAME)";
				TARGETED_DEVICE_FAMILY = "1,2";
				TEST_TARGET_NAME = OpenGL_1;
			};
			name = Debug;
		};
		1B24437521C0031700A57FF3 /* Release */ = {
			isa = XCBuildConfiguration;
			buildSettings = {
				CODE_SIGN_STYLE = Automatic;
				INFOPLIST_FILE = OpenGL_1UITests/Info.plist;
				LD_RUNPATH_SEARCH_PATHS = "$(inherited) @executable_path/Frameworks @loader_path/Frameworks";
				PRODUCT_BUNDLE_IDENTIFIER = "com.OpenGL-1UITests";
				PRODUCT_NAME = "$(TARGET_NAME)";
				TARGETED_DEVICE_FAMILY = "1,2";
				TEST_TARGET_NAME = OpenGL_1;
			};
			name = Release;
		};
/* End XCBuildConfiguration section */

/* Begin XCConfigurationList section */
		1B24433C21C0031700A57FF3 /* Build configuration list for PBXProject "OpenGL_1" */ = {
			isa = XCConfigurationList;
			buildConfigurations = (
				1B24436B21C0031700A57FF3 /* Debug */,
				1B24436C21C0031700A57FF3 /* Release */,
			);
			defaultConfigurationIsVisible = 0;
			defaultConfigurationName = Release;
		};
		1B24436D21C0031700A57FF3 /* Build configuration list for PBXNativeTarget "OpenGL_1" */ = {
			isa = XCConfigurationList;
			buildConfigurations = (
				1B24436E21C0031700A57FF3 /* Debug */,
				1B24436F21C0031700A57FF3 /* Release */,
			);
			defaultConfigurationIsVisible = 0;
			defaultConfigurationName = Release;
		};
		1B24437021C0031700A57FF3 /* Build configuration list for PBXNativeTarget "OpenGL_1Tests" */ = {
			isa = XCConfigurationList;
			buildConfigurations = (
				1B24437121C0031700A57FF3 /* Debug */,
				1B24437221C0031700A57FF3 /* Release */,
			);
			defaultConfigurationIsVisible = 0;
			defaultConfigurationName = Release;
		};
		1B24437321C0031700A57FF3 /* Build configuration list for PBXNativeTarget "OpenGL_1UITests" */ = {
			isa = XCConfigurationList;
			buildConfigurations = (
				1B24437421C0031700A57FF3 /* Debug */,
				1B24437521C0031700A57FF3 /* Release */,
			);
			defaultConfigurationIsVisible = 0;
			defaultConfigurationName = Release;
		};
/* End XCConfigurationList section */
	};
	rootObject = 1B24433921C0031700A57FF3 /* Project object */;
}
