// !$*UTF8*$!
{
	archiveVersion = 1;
	classes = {
	};
	objectVersion = 48;
	objects = {

/* Begin PBXBuildFile section */
		1BDBA43D21DF443E006231F2 /* AppDelegate.m in Sources */ = {isa = PBXBuildFile; fileRef = 1BDBA43C21DF443E006231F2 /* AppDelegate.m */; };
		1BDBA44021DF443E006231F2 /* ViewController.m in Sources */ = {isa = PBXBuildFile; fileRef = 1BDBA43F21DF443E006231F2 /* ViewController.m */; };
		1BDBA44321DF443E006231F2 /* Main.storyboard in Resources */ = {isa = PBXBuildFile; fileRef = 1BDBA44121DF443E006231F2 /* Main.storyboard */; };
		1BDBA44521DF443E006231F2 /* Assets.xcassets in Resources */ = {isa = PBXBuildFile; fileRef = 1BDBA44421DF443E006231F2 /* Assets.xcassets */; };
		1BDBA44821DF443E006231F2 /* LaunchScreen.storyboard in Resources */ = {isa = PBXBuildFile; fileRef = 1BDBA44621DF443E006231F2 /* LaunchScreen.storyboard */; };
		1BDBA44B21DF443E006231F2 /* main.m in Sources */ = {isa = PBXBuildFile; fileRef = 1BDBA44A21DF443E006231F2 /* main.m */; };
		1BDBA45521DF443E006231F2 /* OpenGL___Tests.m in Sources */ = {isa = PBXBuildFile; fileRef = 1BDBA45421DF443E006231F2 /* OpenGL___Tests.m */; };
		1BDBA46021DF443E006231F2 /* OpenGL___UITests.m in Sources */ = {isa = PBXBuildFile; fileRef = 1BDBA45F21DF443E006231F2 /* OpenGL___UITests.m */; };
		1BDBA46E21DF453C006231F2 /* README.md in Resources */ = {isa = PBXBuildFile; fileRef = 1BDBA46D21DF453C006231F2 /* README.md */; };
		1BDBA47421DF5063006231F2 /* Earth512x256.jpg in Resources */ = {isa = PBXBuildFile; fileRef = 1BDBA47021DF5063006231F2 /* Earth512x256.jpg */; };
		1BDBA47521DF5063006231F2 /* Moon256x128.png in Resources */ = {isa = PBXBuildFile; fileRef = 1BDBA47121DF5063006231F2 /* Moon256x128.png */; };
		1BDBA47621DF5063006231F2 /* sphere.obj in Resources */ = {isa = PBXBuildFile; fileRef = 1BDBA47221DF5063006231F2 /* sphere.obj */; };
		1BDBA47921DF5136006231F2 /* GLKVertexAttribArrayBuffer.m in Sources */ = {isa = PBXBuildFile; fileRef = 1BDBA47821DF5136006231F2 /* GLKVertexAttribArrayBuffer.m */; };
/* End PBXBuildFile section */

/* Begin PBXContainerItemProxy section */
		1BDBA45121DF443E006231F2 /* PBXContainerItemProxy */ = {
			isa = PBXContainerItemProxy;
			containerPortal = 1BDBA43021DF443D006231F2 /* Project object */;
			proxyType = 1;
			remoteGlobalIDString = 1BDBA43721DF443D006231F2;
			remoteInfo = "OpenGL_地球";
		};
		1BDBA45C21DF443E006231F2 /* PBXContainerItemProxy */ = {
			isa = PBXContainerItemProxy;
			containerPortal = 1BDBA43021DF443D006231F2 /* Project object */;
			proxyType = 1;
			remoteGlobalIDString = 1BDBA43721DF443D006231F2;
			remoteInfo = "OpenGL_地球";
		};
/* End PBXContainerItemProxy section */

/* Begin PBXFileReference section */
		1BDBA43821DF443D006231F2 /* OpenGL_地球.app */ = {isa = PBXFileReference; explicitFileType = wrapper.application; includeInIndex = 0; path = "OpenGL_地球.app"; sourceTree = BUILT_PRODUCTS_DIR; };
		1BDBA43B21DF443E006231F2 /* AppDelegate.h */ = {isa = PBXFileReference; lastKnownFileType = sourcecode.c.h; path = AppDelegate.h; sourceTree = "<group>"; };
		1BDBA43C21DF443E006231F2 /* AppDelegate.m */ = {isa = PBXFileReference; lastKnownFileType = sourcecode.c.objc; path = AppDelegate.m; sourceTree = "<group>"; };
		1BDBA43E21DF443E006231F2 /* ViewController.h */ = {isa = PBXFileReference; lastKnownFileType = sourcecode.c.h; path = ViewController.h; sourceTree = "<group>"; };
		1BDBA43F21DF443E006231F2 /* ViewController.m */ = {isa = PBXFileReference; lastKnownFileType = sourcecode.c.objc; path = ViewController.m; sourceTree = "<group>"; };
		1BDBA44221DF443E006231F2 /* Base */ = {isa = PBXFileReference; lastKnownFileType = file.storyboard; name = Base; path = Base.lproj/Main.storyboard; sourceTree = "<group>"; };
		1BDBA44421DF443E006231F2 /* Assets.xcassets */ = {isa = PBXFileReference; lastKnownFileType = folder.assetcatalog; path = Assets.xcassets; sourceTree = "<group>"; };
		1BDBA44721DF443E006231F2 /* Base */ = {isa = PBXFileReference; lastKnownFileType = file.storyboard; name = Base; path = Base.lproj/LaunchScreen.storyboard; sourceTree = "<group>"; };
		1BDBA44921DF443E006231F2 /* Info.plist */ = {isa = PBXFileReference; lastKnownFileType = text.plist.xml; path = Info.plist; sourceTree = "<group>"; };
		1BDBA44A21DF443E006231F2 /* main.m */ = {isa = PBXFileReference; lastKnownFileType = sourcecode.c.objc; path = main.m; sourceTree = "<group>"; };
		1BDBA45021DF443E006231F2 /* OpenGL_地球Tests.xctest */ = {isa = PBXFileReference; explicitFileType = wrapper.cfbundle; includeInIndex = 0; path = "OpenGL_地球Tests.xctest"; sourceTree = BUILT_PRODUCTS_DIR; };
		1BDBA45421DF443E006231F2 /* OpenGL___Tests.m */ = {isa = PBXFileReference; lastKnownFileType = sourcecode.c.objc; path = "OpenGL___Tests.m"; sourceTree = "<group>"; };
		1BDBA45621DF443E006231F2 /* Info.plist */ = {isa = PBXFileReference; lastKnownFileType = text.plist.xml; path = Info.plist; sourceTree = "<group>"; };
		1BDBA45B21DF443E006231F2 /* OpenGL_地球UITests.xctest */ = {isa = PBXFileReference; explicitFileType = wrapper.cfbundle; includeInIndex = 0; path = "OpenGL_地球UITests.xctest"; sourceTree = BUILT_PRODUCTS_DIR; };
		1BDBA45F21DF443E006231F2 /* OpenGL___UITests.m */ = {isa = PBXFileReference; lastKnownFileType = sourcecode.c.objc; path = "OpenGL___UITests.m"; sourceTree = "<group>"; };
		1BDBA46121DF443E006231F2 /* Info.plist */ = {isa = PBXFileReference; lastKnownFileType = text.plist.xml; path = Info.plist; sourceTree = "<group>"; };
		1BDBA46D21DF453C006231F2 /* README.md */ = {isa = PBXFileReference; fileEncoding = 4; lastKnownFileType = net.daringfireball.markdown; path = README.md; sourceTree = "<group>"; };
		1BDBA47021DF5063006231F2 /* Earth512x256.jpg */ = {isa = PBXFileReference; lastKnownFileType = image.jpeg; path = Earth512x256.jpg; sourceTree = "<group>"; };
		1BDBA47121DF5063006231F2 /* Moon256x128.png */ = {isa = PBXFileReference; lastKnownFileType = image.png; path = Moon256x128.png; sourceTree = "<group>"; };
		1BDBA47221DF5063006231F2 /* sphere.obj */ = {isa = PBXFileReference; fileEncoding = 4; lastKnownFileType = text; path = sphere.obj; sourceTree = "<group>"; };
		1BDBA47321DF5063006231F2 /* sphere.h */ = {isa = PBXFileReference; fileEncoding = 4; lastKnownFileType = sourcecode.c.h; path = sphere.h; sourceTree = "<group>"; };
		1BDBA47721DF5136006231F2 /* GLKVertexAttribArrayBuffer.h */ = {isa = PBXFileReference; lastKnownFileType = sourcecode.c.h; path = GLKVertexAttribArrayBuffer.h; sourceTree = "<group>"; };
		1BDBA47821DF5136006231F2 /* GLKVertexAttribArrayBuffer.m */ = {isa = PBXFileReference; lastKnownFileType = sourcecode.c.objc; path = GLKVertexAttribArrayBuffer.m; sourceTree = "<group>"; };
/* End PBXFileReference section */

/* Begin PBXFrameworksBuildPhase section */
		1BDBA43521DF443D006231F2 /* Frameworks */ = {
			isa = PBXFrameworksBuildPhase;
			buildActionMask = 2147483647;
			files = (
			);
			runOnlyForDeploymentPostprocessing = 0;
		};
		1BDBA44D21DF443E006231F2 /* Frameworks */ = {
			isa = PBXFrameworksBuildPhase;
			buildActionMask = 2147483647;
			files = (
			);
			runOnlyForDeploymentPostprocessing = 0;
		};
		1BDBA45821DF443E006231F2 /* Frameworks */ = {
			isa = PBXFrameworksBuildPhase;
			buildActionMask = 2147483647;
			files = (
			);
			runOnlyForDeploymentPostprocessing = 0;
		};
/* End PBXFrameworksBuildPhase section */

/* Begin PBXGroup section */
		1BDBA42F21DF443D006231F2 = {
			isa = PBXGroup;
			children = (
				1BDBA43A21DF443D006231F2 /* OpenGL_地球 */,
				1BDBA45321DF443E006231F2 /* OpenGL_地球Tests */,
				1BDBA45E21DF443E006231F2 /* OpenGL_地球UITests */,
				1BDBA43921DF443D006231F2 /* Products */,
			);
			sourceTree = "<group>";
		};
		1BDBA43921DF443D006231F2 /* Products */ = {
			isa = PBXGroup;
			children = (
				1BDBA43821DF443D006231F2 /* OpenGL_地球.app */,
				1BDBA45021DF443E006231F2 /* OpenGL_地球Tests.xctest */,
				1BDBA45B21DF443E006231F2 /* OpenGL_地球UITests.xctest */,
			);
			name = Products;
			sourceTree = "<group>";
		};
		1BDBA43A21DF443D006231F2 /* OpenGL_地球 */ = {
			isa = PBXGroup;
			children = (
				1BDBA46F21DF504A006231F2 /* Resource */,
				1BDBA46D21DF453C006231F2 /* README.md */,
				1BDBA43B21DF443E006231F2 /* AppDelegate.h */,
				1BDBA43C21DF443E006231F2 /* AppDelegate.m */,
				1BDBA43E21DF443E006231F2 /* ViewController.h */,
				1BDBA43F21DF443E006231F2 /* ViewController.m */,
				1BDBA47721DF5136006231F2 /* GLKVertexAttribArrayBuffer.h */,
				1BDBA47821DF5136006231F2 /* GLKVertexAttribArrayBuffer.m */,
				1BDBA44121DF443E006231F2 /* Main.storyboard */,
				1BDBA44421DF443E006231F2 /* Assets.xcassets */,
				1BDBA44621DF443E006231F2 /* LaunchScreen.storyboard */,
				1BDBA44921DF443E006231F2 /* Info.plist */,
				1BDBA44A21DF443E006231F2 /* main.m */,
			);
			path = "OpenGL_地球";
			sourceTree = "<group>";
		};
		1BDBA45321DF443E006231F2 /* OpenGL_地球Tests */ = {
			isa = PBXGroup;
			children = (
				1BDBA45421DF443E006231F2 /* OpenGL___Tests.m */,
				1BDBA45621DF443E006231F2 /* Info.plist */,
			);
			path = "OpenGL_地球Tests";
			sourceTree = "<group>";
		};
		1BDBA45E21DF443E006231F2 /* OpenGL_地球UITests */ = {
			isa = PBXGroup;
			children = (
				1BDBA45F21DF443E006231F2 /* OpenGL___UITests.m */,
				1BDBA46121DF443E006231F2 /* Info.plist */,
			);
			path = "OpenGL_地球UITests";
			sourceTree = "<group>";
		};
		1BDBA46F21DF504A006231F2 /* Resource */ = {
			isa = PBXGroup;
			children = (
				1BDBA47021DF5063006231F2 /* Earth512x256.jpg */,
				1BDBA47121DF5063006231F2 /* Moon256x128.png */,
				1BDBA47321DF5063006231F2 /* sphere.h */,
				1BDBA47221DF5063006231F2 /* sphere.obj */,
			);
			path = Resource;
			sourceTree = "<group>";
		};
/* End PBXGroup section */

/* Begin PBXNativeTarget section */
		1BDBA43721DF443D006231F2 /* OpenGL_地球 */ = {
			isa = PBXNativeTarget;
			buildConfigurationList = 1BDBA46421DF443E006231F2 /* Build configuration list for PBXNativeTarget "OpenGL_地球" */;
			buildPhases = (
				1BDBA43421DF443D006231F2 /* Sources */,
				1BDBA43521DF443D006231F2 /* Frameworks */,
				1BDBA43621DF443D006231F2 /* Resources */,
			);
			buildRules = (
			);
			dependencies = (
			);
			name = "OpenGL_地球";
			productName = "OpenGL_地球";
			productReference = 1BDBA43821DF443D006231F2 /* OpenGL_地球.app */;
			productType = "com.apple.product-type.application";
		};
		1BDBA44F21DF443E006231F2 /* OpenGL_地球Tests */ = {
			isa = PBXNativeTarget;
			buildConfigurationList = 1BDBA46721DF443E006231F2 /* Build configuration list for PBXNativeTarget "OpenGL_地球Tests" */;
			buildPhases = (
				1BDBA44C21DF443E006231F2 /* Sources */,
				1BDBA44D21DF443E006231F2 /* Frameworks */,
				1BDBA44E21DF443E006231F2 /* Resources */,
			);
			buildRules = (
			);
			dependencies = (
				1BDBA45221DF443E006231F2 /* PBXTargetDependency */,
			);
			name = "OpenGL_地球Tests";
			productName = "OpenGL_地球Tests";
			productReference = 1BDBA45021DF443E006231F2 /* OpenGL_地球Tests.xctest */;
			productType = "com.apple.product-type.bundle.unit-test";
		};
		1BDBA45A21DF443E006231F2 /* OpenGL_地球UITests */ = {
			isa = PBXNativeTarget;
			buildConfigurationList = 1BDBA46A21DF443E006231F2 /* Build configuration list for PBXNativeTarget "OpenGL_地球UITests" */;
			buildPhases = (
				1BDBA45721DF443E006231F2 /* Sources */,
				1BDBA45821DF443E006231F2 /* Frameworks */,
				1BDBA45921DF443E006231F2 /* Resources */,
			);
			buildRules = (
			);
			dependencies = (
				1BDBA45D21DF443E006231F2 /* PBXTargetDependency */,
			);
			name = "OpenGL_地球UITests";
			productName = "OpenGL_地球UITests";
			productReference = 1BDBA45B21DF443E006231F2 /* OpenGL_地球UITests.xctest */;
			productType = "com.apple.product-type.bundle.ui-testing";
		};
/* End PBXNativeTarget section */

/* Begin PBXProject section */
		1BDBA43021DF443D006231F2 /* Project object */ = {
			isa = PBXProject;
			attributes = {
				LastUpgradeCheck = 0910;
				ORGANIZATIONNAME = "聂宽";
				TargetAttributes = {
					1BDBA43721DF443D006231F2 = {
						CreatedOnToolsVersion = 9.1;
						ProvisioningStyle = Automatic;
					};
					1BDBA44F21DF443E006231F2 = {
						CreatedOnToolsVersion = 9.1;
						ProvisioningStyle = Automatic;
						TestTargetID = 1BDBA43721DF443D006231F2;
					};
					1BDBA45A21DF443E006231F2 = {
						CreatedOnToolsVersion = 9.1;
						ProvisioningStyle = Automatic;
						TestTargetID = 1BDBA43721DF443D006231F2;
					};
				};
			};
			buildConfigurationList = 1BDBA43321DF443D006231F2 /* Build configuration list for PBXProject "OpenGL_地球" */;
			compatibilityVersion = "Xcode 8.0";
			developmentRegion = en;
			hasScannedForEncodings = 0;
			knownRegions = (
				en,
				Base,
			);
			mainGroup = 1BDBA42F21DF443D006231F2;
			productRefGroup = 1BDBA43921DF443D006231F2 /* Products */;
			projectDirPath = "";
			projectRoot = "";
			targets = (
				1BDBA43721DF443D006231F2 /* OpenGL_地球 */,
				1BDBA44F21DF443E006231F2 /* OpenGL_地球Tests */,
				1BDBA45A21DF443E006231F2 /* OpenGL_地球UITests */,
			);
		};
/* End PBXProject section */

/* Begin PBXResourcesBuildPhase section */
		1BDBA43621DF443D006231F2 /* Resources */ = {
			isa = PBXResourcesBuildPhase;
			buildActionMask = 2147483647;
			files = (
				1BDBA47621DF5063006231F2 /* sphere.obj in Resources */,
				1BDBA44821DF443E006231F2 /* LaunchScreen.storyboard in Resources */,
				1BDBA47521DF5063006231F2 /* Moon256x128.png in Resources */,
				1BDBA44521DF443E006231F2 /* Assets.xcassets in Resources */,
				1BDBA46E21DF453C006231F2 /* README.md in Resources */,
				1BDBA47421DF5063006231F2 /* Earth512x256.jpg in Resources */,
				1BDBA44321DF443E006231F2 /* Main.storyboard in Resources */,
			);
			runOnlyForDeploymentPostprocessing = 0;
		};
		1BDBA44E21DF443E006231F2 /* Resources */ = {
			isa = PBXResourcesBuildPhase;
			buildActionMask = 2147483647;
			files = (
			);
			runOnlyForDeploymentPostprocessing = 0;
		};
		1BDBA45921DF443E006231F2 /* Resources */ = {
			isa = PBXResourcesBuildPhase;
			buildActionMask = 2147483647;
			files = (
			);
			runOnlyForDeploymentPostprocessing = 0;
		};
/* End PBXResourcesBuildPhase section */

/* Begin PBXSourcesBuildPhase section */
		1BDBA43421DF443D006231F2 /* Sources */ = {
			isa = PBXSourcesBuildPhase;
			buildActionMask = 2147483647;
			files = (
				1BDBA44021DF443E006231F2 /* ViewController.m in Sources */,
				1BDBA44B21DF443E006231F2 /* main.m in Sources */,
				1BDBA47921DF5136006231F2 /* GLKVertexAttribArrayBuffer.m in Sources */,
				1BDBA43D21DF443E006231F2 /* AppDelegate.m in Sources */,
			);
			runOnlyForDeploymentPostprocessing = 0;
		};
		1BDBA44C21DF443E006231F2 /* Sources */ = {
			isa = PBXSourcesBuildPhase;
			buildActionMask = 2147483647;
			files = (
				1BDBA45521DF443E006231F2 /* OpenGL___Tests.m in Sources */,
			);
			runOnlyForDeploymentPostprocessing = 0;
		};
		1BDBA45721DF443E006231F2 /* Sources */ = {
			isa = PBXSourcesBuildPhase;
			buildActionMask = 2147483647;
			files = (
				1BDBA46021DF443E006231F2 /* OpenGL___UITests.m in Sources */,
			);
			runOnlyForDeploymentPostprocessing = 0;
		};
/* End PBXSourcesBuildPhase section */

/* Begin PBXTargetDependency section */
		1BDBA45221DF443E006231F2 /* PBXTargetDependency */ = {
			isa = PBXTargetDependency;
			target = 1BDBA43721DF443D006231F2 /* OpenGL_地球 */;
			targetProxy = 1BDBA45121DF443E006231F2 /* PBXContainerItemProxy */;
		};
		1BDBA45D21DF443E006231F2 /* PBXTargetDependency */ = {
			isa = PBXTargetDependency;
			target = 1BDBA43721DF443D006231F2 /* OpenGL_地球 */;
			targetProxy = 1BDBA45C21DF443E006231F2 /* PBXContainerItemProxy */;
		};
/* End PBXTargetDependency section */

/* Begin PBXVariantGroup section */
		1BDBA44121DF443E006231F2 /* Main.storyboard */ = {
			isa = PBXVariantGroup;
			children = (
				1BDBA44221DF443E006231F2 /* Base */,
			);
			name = Main.storyboard;
			sourceTree = "<group>";
		};
		1BDBA44621DF443E006231F2 /* LaunchScreen.storyboard */ = {
			isa = PBXVariantGroup;
			children = (
				1BDBA44721DF443E006231F2 /* Base */,
			);
			name = LaunchScreen.storyboard;
			sourceTree = "<group>";
		};
/* End PBXVariantGroup section */

/* Begin XCBuildConfiguration section */
		1BDBA46221DF443E006231F2 /* Debug */ = {
			isa = XCBuildConfiguration;
			buildSettings = {
				ALWAYS_SEARCH_USER_PATHS = NO;
				CLANG_ANALYZER_NONNULL = YES;
				CLANG_ANALYZER_NUMBER_OBJECT_CONVERSION = YES_AGGRESSIVE;
				CLANG_CXX_LANGUAGE_STANDARD = "gnu++14";
				CLANG_CXX_LIBRARY = "libc++";
				CLANG_ENABLE_MODULES = YES;
				CLANG_ENABLE_OBJC_ARC = YES;
				CLANG_WARN_BLOCK_CAPTURE_AUTORELEASING = YES;
				CLANG_WARN_BOOL_CONVERSION = YES;
				CLANG_WARN_COMMA = YES;
				CLANG_WARN_CONSTANT_CONVERSION = YES;
				CLANG_WARN_DIRECT_OBJC_ISA_USAGE = YES_ERROR;
				CLANG_WARN_DOCUMENTATION_COMMENTS = YES;
				CLANG_WARN_EMPTY_BODY = YES;
				CLANG_WARN_ENUM_CONVERSION = YES;
				CLANG_WARN_INFINITE_RECURSION = YES;
				CLANG_WARN_INT_CONVERSION = YES;
				CLANG_WARN_NON_LITERAL_NULL_CONVERSION = YES;
				CLANG_WARN_OBJC_LITERAL_CONVERSION = YES;
				CLANG_WARN_OBJC_ROOT_CLASS = YES_ERROR;
				CLANG_WARN_RANGE_LOOP_ANALYSIS = YES;
				CLANG_WARN_STRICT_PROTOTYPES = YES;
				CLANG_WARN_SUSPICIOUS_MOVE = YES;
				CLANG_WARN_UNGUARDED_AVAILABILITY = YES_AGGRESSIVE;
				CLANG_WARN_UNREACHABLE_CODE = YES;
				CLANG_WARN__DUPLICATE_METHOD_MATCH = YES;
				CODE_SIGN_IDENTITY = "iPhone Developer";
				COPY_PHASE_STRIP = NO;
				DEBUG_INFORMATION_FORMAT = dwarf;
				ENABLE_STRICT_OBJC_MSGSEND = YES;
				ENABLE_TESTABILITY = YES;
				GCC_C_LANGUAGE_STANDARD = gnu11;
				GCC_DYNAMIC_NO_PIC = NO;
				GCC_NO_COMMON_BLOCKS = YES;
				GCC_OPTIMIZATION_LEVEL = 0;
				GCC_PREPROCESSOR_DEFINITIONS = (
					"DEBUG=1",
					"$(inherited)",
				);
				GCC_WARN_64_TO_32_BIT_CONVERSION = YES;
				GCC_WARN_ABOUT_RETURN_TYPE = YES_ERROR;
				GCC_WARN_UNDECLARED_SELECTOR = YES;
				GCC_WARN_UNINITIALIZED_AUTOS = YES_AGGRESSIVE;
				GCC_WARN_UNUSED_FUNCTION = YES;
				GCC_WARN_UNUSED_VARIABLE = YES;
				IPHONEOS_DEPLOYMENT_TARGET = 11.1;
				MTL_ENABLE_DEBUG_INFO = YES;
				ONLY_ACTIVE_ARCH = YES;
				SDKROOT = iphoneos;
			};
			name = Debug;
		};
		1BDBA46321DF443E006231F2 /* Release */ = {
			isa = XCBuildConfiguration;
			buildSettings = {
				ALWAYS_SEARCH_USER_PATHS = NO;
				CLANG_ANALYZER_NONNULL = YES;
				CLANG_ANALYZER_NUMBER_OBJECT_CONVERSION = YES_AGGRESSIVE;
				CLANG_CXX_LANGUAGE_STANDARD = "gnu++14";
				CLANG_CXX_LIBRARY = "libc++";
				CLANG_ENABLE_MODULES = YES;
				CLANG_ENABLE_OBJC_ARC = YES;
				CLANG_WARN_BLOCK_CAPTURE_AUTORELEASING = YES;
				CLANG_WARN_BOOL_CONVERSION = YES;
				CLANG_WARN_COMMA = YES;
				CLANG_WARN_CONSTANT_CONVERSION = YES;
				CLANG_WARN_DIRECT_OBJC_ISA_USAGE = YES_ERROR;
				CLANG_WARN_DOCUMENTATION_COMMENTS = YES;
				CLANG_WARN_EMPTY_BODY = YES;
				CLANG_WARN_ENUM_CONVERSION = YES;
				CLANG_WARN_INFINITE_RECURSION = YES;
				CLANG_WARN_INT_CONVERSION = YES;
				CLANG_WARN_NON_LITERAL_NULL_CONVERSION = YES;
				CLANG_WARN_OBJC_LITERAL_CONVERSION = YES;
				CLANG_WARN_OBJC_ROOT_CLASS = YES_ERROR;
				CLANG_WARN_RANGE_LOOP_ANALYSIS = YES;
				CLANG_WARN_STRICT_PROTOTYPES = YES;
				CLANG_WARN_SUSPICIOUS_MOVE = YES;
				CLANG_WARN_UNGUARDED_AVAILABILITY = YES_AGGRESSIVE;
				CLANG_WARN_UNREACHABLE_CODE = YES;
				CLANG_WARN__DUPLICATE_METHOD_MATCH = YES;
				CODE_SIGN_IDENTITY = "iPhone Developer";
				COPY_PHASE_STRIP = NO;
				DEBUG_INFORMATION_FORMAT = "dwarf-with-dsym";
				ENABLE_NS_ASSERTIONS = NO;
				ENABLE_STRICT_OBJC_MSGSEND = YES;
				GCC_C_LANGUAGE_STANDARD = gnu11;
				GCC_NO_COMMON_BLOCKS = YES;
				GCC_WARN_64_TO_32_BIT_CONVERSION = YES;
				GCC_WARN_ABOUT_RETURN_TYPE = YES_ERROR;
				GCC_WARN_UNDECLARED_SELECTOR = YES;
				GCC_WARN_UNINITIALIZED_AUTOS = YES_AGGRESSIVE;
				GCC_WARN_UNUSED_FUNCTION = YES;
				GCC_WARN_UNUSED_VARIABLE = YES;
				IPHONEOS_DEPLOYMENT_TARGET = 11.1;
				MTL_ENABLE_DEBUG_INFO = NO;
				SDKROOT = iphoneos;
				VALIDATE_PRODUCT = YES;
			};
			name = Release;
		};
		1BDBA46521DF443E006231F2 /* Debug */ = {
			isa = XCBuildConfiguration;
			buildSettings = {
				ASSETCATALOG_COMPILER_APPICON_NAME = AppIcon;
				CODE_SIGN_STYLE = Automatic;
				INFOPLIST_FILE = "OpenGL_地球/Info.plist";
				LD_RUNPATH_SEARCH_PATHS = "$(inherited) @executable_path/Frameworks";
				PRODUCT_BUNDLE_IDENTIFIER = "com.OpenGL---";
				PRODUCT_NAME = "$(TARGET_NAME)";
				TARGETED_DEVICE_FAMILY = "1,2";
			};
			name = Debug;
		};
		1BDBA46621DF443E006231F2 /* Release */ = {
			isa = XCBuildConfiguration;
			buildSettings = {
				ASSETCATALOG_COMPILER_APPICON_NAME = AppIcon;
				CODE_SIGN_STYLE = Automatic;
				INFOPLIST_FILE = "OpenGL_地球/Info.plist";
				LD_RUNPATH_SEARCH_PATHS = "$(inherited) @executable_path/Frameworks";
				PRODUCT_BUNDLE_IDENTIFIER = "com.OpenGL---";
				PRODUCT_NAME = "$(TARGET_NAME)";
				TARGETED_DEVICE_FAMILY = "1,2";
			};
			name = Release;
		};
		1BDBA46821DF443E006231F2 /* Debug */ = {
			isa = XCBuildConfiguration;
			buildSettings = {
				BUNDLE_LOADER = "$(TEST_HOST)";
				CODE_SIGN_STYLE = Automatic;
				INFOPLIST_FILE = "OpenGL_地球Tests/Info.plist";
				LD_RUNPATH_SEARCH_PATHS = "$(inherited) @executable_path/Frameworks @loader_path/Frameworks";
				PRODUCT_BUNDLE_IDENTIFIER = "com.OpenGL---Tests";
				PRODUCT_NAME = "$(TARGET_NAME)";
				TARGETED_DEVICE_FAMILY = "1,2";
				TEST_HOST = "$(BUILT_PRODUCTS_DIR)/OpenGL_地球.app/OpenGL_地球";
			};
			name = Debug;
		};
		1BDBA46921DF443E006231F2 /* Release */ = {
			isa = XCBuildConfiguration;
			buildSettings = {
				BUNDLE_LOADER = "$(TEST_HOST)";
				CODE_SIGN_STYLE = Automatic;
				INFOPLIST_FILE = "OpenGL_地球Tests/Info.plist";
				LD_RUNPATH_SEARCH_PATHS = "$(inherited) @executable_path/Frameworks @loader_path/Frameworks";
				PRODUCT_BUNDLE_IDENTIFIER = "com.OpenGL---Tests";
				PRODUCT_NAME = "$(TARGET_NAME)";
				TARGETED_DEVICE_FAMILY = "1,2";
				TEST_HOST = "$(BUILT_PRODUCTS_DIR)/OpenGL_地球.app/OpenGL_地球";
			};
			name = Release;
		};
		1BDBA46B21DF443E006231F2 /* Debug */ = {
			isa = XCBuildConfiguration;
			buildSettings = {
				CODE_SIGN_STYLE = Automatic;
				INFOPLIST_FILE = "OpenGL_地球UITests/Info.plist";
				LD_RUNPATH_SEARCH_PATHS = "$(inherited) @executable_path/Frameworks @loader_path/Frameworks";
				PRODUCT_BUNDLE_IDENTIFIER = "com.OpenGL---UITests";
				PRODUCT_NAME = "$(TARGET_NAME)";
				TARGETED_DEVICE_FAMILY = "1,2";
				TEST_TARGET_NAME = "OpenGL_地球";
			};
			name = Debug;
		};
		1BDBA46C21DF443E006231F2 /* Release */ = {
			isa = XCBuildConfiguration;
			buildSettings = {
				CODE_SIGN_STYLE = Automatic;
				INFOPLIST_FILE = "OpenGL_地球UITests/Info.plist";
				LD_RUNPATH_SEARCH_PATHS = "$(inherited) @executable_path/Frameworks @loader_path/Frameworks";
				PRODUCT_BUNDLE_IDENTIFIER = "com.OpenGL---UITests";
				PRODUCT_NAME = "$(TARGET_NAME)";
				TARGETED_DEVICE_FAMILY = "1,2";
				TEST_TARGET_NAME = "OpenGL_地球";
			};
			name = Release;
		};
/* End XCBuildConfiguration section */

/* Begin XCConfigurationList section */
		1BDBA43321DF443D006231F2 /* Build configuration list for PBXProject "OpenGL_地球" */ = {
			isa = XCConfigurationList;
			buildConfigurations = (
				1BDBA46221DF443E006231F2 /* Debug */,
				1BDBA46321DF443E006231F2 /* Release */,
			);
			defaultConfigurationIsVisible = 0;
			defaultConfigurationName = Release;
		};
		1BDBA46421DF443E006231F2 /* Build configuration list for PBXNativeTarget "OpenGL_地球" */ = {
			isa = XCConfigurationList;
			buildConfigurations = (
				1BDBA46521DF443E006231F2 /* Debug */,
				1BDBA46621DF443E006231F2 /* Release */,
			);
			defaultConfigurationIsVisible = 0;
			defaultConfigurationName = Release;
		};
		1BDBA46721DF443E006231F2 /* Build configuration list for PBXNativeTarget "OpenGL_地球Tests" */ = {
			isa = XCConfigurationList;
			buildConfigurations = (
				1BDBA46821DF443E006231F2 /* Debug */,
				1BDBA46921DF443E006231F2 /* Release */,
			);
			defaultConfigurationIsVisible = 0;
			defaultConfigurationName = Release;
		};
		1BDBA46A21DF443E006231F2 /* Build configuration list for PBXNativeTarget "OpenGL_地球UITests" */ = {
			isa = XCConfigurationList;
			buildConfigurations = (
				1BDBA46B21DF443E006231F2 /* Debug */,
				1BDBA46C21DF443E006231F2 /* Release */,
			);
			defaultConfigurationIsVisible = 0;
			defaultConfigurationName = Release;
		};
/* End XCConfigurationList section */
	};
	rootObject = 1BDBA43021DF443D006231F2 /* Project object */;
}
